
Microsoft Visual Studio Solution File, Format Version 12.00
# Visual Studio Version 16
VisualStudioVersion = 16.0.31005.135
MinimumVisualStudioVersion = 10.0.40219.1
Project("{9A19103F-16F7-4668-BE54-9A1E7A4F7556}") = "Core", "Core.csproj", "{4C204B1B-05B0-406D-BE23-3022E4B39E2F}"
EndProject
Global
	GlobalSection(SolutionConfigurationPlatforms) = preSolution
		Debug|Any CPU = Debug|Any CPU
		Release|Any CPU = Release|Any CPU
	EndGlobalSection
	GlobalSection(ProjectConfigurationPlatforms) = postSolution
		{4C204B1B-05B0-406D-BE23-3022E4B39E2F}.Debug|Any CPU.ActiveCfg = Debug|Any CPU
		{4C204B1B-05B0-406D-BE23-3022E4B39E2F}.Debug|Any CPU.Build.0 = Debug|Any CPU
		{4C204B1B-05B0-406D-BE23-3022E4B39E2F}.Release|Any CPU.ActiveCfg = Release|Any CPU
		{4C204B1B-05B0-406D-BE23-3022E4B39E2F}.Release|Any CPU.Build.0 = Release|Any CPU
	EndGlobalSection
	GlobalSection(SolutionProperties) = preSolution
		HideSolutionNode = FALSE
	EndGlobalSection
	GlobalSection(ExtensibilityGlobals) = postSolution
		SolutionGuid = {1D46CB02-346F-40BB-A05D-99896E9AF8A1}
	EndGlobalSection
EndGlobal
